
Microsoft Visual Studio Solution File, Format Version 12.00
# Visual Studio Version 17
VisualStudioVersion = 17.5.002.0
MinimumVisualStudioVersion = 10.0.40219.1
Project("{9A19103F-16F7-4668-BE54-9A1E7A4F7556}") = "ChatAppBackend", "ChatAppBackend.csproj", "{7D8212E9-3188-4203-AC33-A52ED4B5BC38}"
EndProject
Global
	GlobalSection(SolutionConfigurationPlatforms) = preSolution
		Debug|Any CPU = Debug|Any CPU
		Release|Any CPU = Release|Any CPU
	EndGlobalSection
	GlobalSection(ProjectConfigurationPlatforms) = postSolution
		{7D8212E9-3188-4203-AC33-A52ED4B5BC38}.Debug|Any CPU.ActiveCfg = Debug|Any CPU
		{7D8212E9-3188-4203-AC33-A52ED4B5BC38}.Debug|Any CPU.Build.0 = Debug|Any CPU
		{7D8212E9-3188-4203-AC33-A52ED4B5BC38}.Release|Any CPU.ActiveCfg = Release|Any CPU
		{7D8212E9-3188-4203-AC33-A52ED4B5BC38}.Release|Any CPU.Build.0 = Release|Any CPU
	EndGlobalSection
	GlobalSection(SolutionProperties) = preSolution
		HideSolutionNode = FALSE
	EndGlobalSection
	GlobalSection(ExtensibilityGlobals) = postSolution
		SolutionGuid = {60C7261E-8EA9-4C6D-951A-CBED980B7523}
	EndGlobalSection
EndGlobal
